
Microsoft Visual Studio Solution File, Format Version 12.00
Project("{FAE04EC0-301F-11D3-BF4B-00C04F79EFBC}") = "NAI.Projekt.KNN_ConsoleApp_s24759", "NAI.Projekt.KNN_ConsoleApp_s24759.csproj", "{8194EC30-5394-48EC-A943-80E7A30444DA}"
EndProject
Global
	GlobalSection(SolutionConfigurationPlatforms) = preSolution
		Debug|Any CPU = Debug|Any CPU
		Release|Any CPU = Release|Any CPU
	EndGlobalSection
	GlobalSection(ProjectConfigurationPlatforms) = postSolution
		{8194EC30-5394-48EC-A943-80E7A30444DA}.Debug|Any CPU.ActiveCfg = Debug|Any CPU
		{8194EC30-5394-48EC-A943-80E7A30444DA}.Debug|Any CPU.Build.0 = Debug|Any CPU
		{8194EC30-5394-48EC-A943-80E7A30444DA}.Release|Any CPU.ActiveCfg = Release|Any CPU
		{8194EC30-5394-48EC-A943-80E7A30444DA}.Release|Any CPU.Build.0 = Release|Any CPU
	EndGlobalSection
EndGlobal
